
radiantMaterialAttributeFlags flags {
	"trigger"			"1"
	"clip"				"2"
	"visportal"			"4"
	"nodraw"			"8"
	"caulk"				"16"
	"aas"				"32"
}

// =======================
// Triggers
// =======================
radiantMaterialAttributes textures/common/trigger {
	"flags"	"trigger"
}

radiantMaterialAttributes textures/common/trigmulti {
	"flags"	"trigger"
}

radiantMaterialAttributes textures/common/trigonce {
	"flags"	"trigger"
}

radiantMaterialAttributes textures/common/trigtimer {
	"flags"	"trigger"
}

radiantMaterialAttributes textures/common/trigrelay {
	"flags"	"trigger"
}

radiantMaterialAttributes textures/common/trighurt {
	"flags"	"trigger"
}

radiantMaterialAttributes textures/common/trigfade {
	"flags"	"trigger"
}

radiantMaterialAttributes textures/common/triggui {
	"flags"	"trigger"
}

radiantMaterialAttributes textures/common/trigair {
	"flags"	"trigger"
}

radiantMaterialAttributes textures/common/trigentityname {
	"flags"	"trigger"
}

radiantMaterialAttributes textures/common/trigentityname_once {
	"flags"	"trigger"
}

// =======================
// Clips
// =======================
radiantMaterialAttributes textures/common/clip {
	"flags"	"clip"
}
radiantMaterialAttributes textures/common/clip_metal {
	"flags"	"clip"
}
radiantMaterialAttributes textures/common/clip_noflyer {
	"flags"	"clip"
}
radiantMaterialAttributes textures/common/clip_plus {
	"flags"	"clip"
}
radiantMaterialAttributes textures/common/cushion {
	"flags"	"clip"
}
radiantMaterialAttributes textures/common/clip_plusmovables {
	"flags"	"clip"
}
radiantMaterialAttributes textures/common/full_clip {
	"flags"	"clip"
}
radiantMaterialAttributes textures/common/player_clip {
	"flags"	"clip"
}
radiantMaterialAttributes textures/common/player_clip_metal {
	"flags"	"clip"
}
radiantMaterialAttributes textures/common/monster_clip {
	"flags"	"clip"
}
radiantMaterialAttributes textures/common/moveable_clip {
	"flags"	"clip"
}
radiantMaterialAttributes textures/common/vehicle_clip {
	"flags"	"clip"
}
radiantMaterialAttributes textures/common/vehicle_clip_concrete {
	"flags"	"clip"
}
radiantMaterialAttributes textures/common/vehicle_clip_metal {
	"flags"	"clip"
}
radiantMaterialAttributes textures/common/vehicle_clip_snow {
	"flags"	"clip"
}
radiantMaterialAttributes textures/common/vehicle_clip_wood {
	"flags"	"clip"
}
radiantMaterialAttributes textures/common/walker_clip {
	"flags"	"clip"
}
radiantMaterialAttributes textures/common/walker_clip_concrete {
	"flags"	"clip"
}
radiantMaterialAttributes textures/common/walker_clip_metal {
	"flags"	"clip"
}
radiantMaterialAttributes textures/common/walker_clip_snow {
	"flags"	"clip"
}
radiantMaterialAttributes textures/common/walker_clip_wood {
	"flags"	"clip"
}
radiantMaterialAttributes textures/common/vehicleplayer_clip {
	"flags"	"clip"
}
radiantMaterialAttributes textures/common/vehicleplayer_clip_metal {
	"flags"	"clip"
}
radiantMaterialAttributes textures/common/vehicleplayer_clip_wood {
	"flags"	"clip"
}
radiantMaterialAttributes textures/common/vehicleplayer_clip_concrete {
	"flags"	"clip"
}
radiantMaterialAttributes textures/common/vehicleplayer_clip_glass {
	"flags"	"clip"
}
radiantMaterialAttributes textures/common/vehicleplayer_clip_snow {
	"flags"	"clip"
}
radiantMaterialAttributes textures/common/rendermodel_clip {
	"flags"	"clip"
}
radiantMaterialAttributes textures/common/rendermodel_clip_concrete {
	"flags"	"clip"
}
radiantMaterialAttributes textures/common/rendermodel_clip_metal {
	"flags"	"clip"
}
radiantMaterialAttributes textures/common/rendermodel_clip_wood {
	"flags"	"clip"
}
radiantMaterialAttributes textures/common/projectile_clip {
	"flags"	"clip"
}
radiantMaterialAttributes textures/common/explosion_clip {
	"flags"	"clip"
}
radiantMaterialAttributes textures/common/moveableclipmodel {
	"flags"	"clip"
}
radiantMaterialAttributes textures/common/collision {
	"flags"	"clip"
}
radiantMaterialAttributes textures/common/collision_clip_concrete {
	"flags"	"clip"
}
radiantMaterialAttributes textures/common/collision_concrete {
	"flags"	"clip"
}
radiantMaterialAttributes textures/common/collision_glass {
	"flags"	"clip"
}
radiantMaterialAttributes textures/common/collision_grass {
	"flags"	"clip"
}
radiantMaterialAttributes textures/common/collision_leaves {
	"flags"	"clip"
}
radiantMaterialAttributes textures/common/collision_metal {
	"flags"	"clip"
}
radiantMaterialAttributes textures/common/collision_pine {
	"flags"	"clip"
}
radiantMaterialAttributes textures/common/collision_snow {
	"flags"	"clip"
}
radiantMaterialAttributes textures/common/collision_wood {
	"flags"	"clip"
}
radiantMaterialAttributes textures/common/collision_water {
	"flags"	"clip"
}
radiantMaterialAttributes textures/common/collision_water_interior {
	"flags"	"clip"
}
radiantMaterialAttributes textures/common/shadow {
	"flags"	"clip"
}
radiantMaterialAttributes textures/common/shadowcollision {
	"flags"	"clip"
}
radiantMaterialAttributes textures/common/shadow2 {
	"flags"	"clip"
}
radiantMaterialAttributes textures/common/ladder {
	"flags"	"clip"
}
radiantMaterialAttributes textures/common/rendermodel_player_clip {
	"flags"	"clip"
}
radiantMaterialAttributes textures/common/rendermodel_player_clip_metal {
	"flags"	"clip"
}
radiantMaterialAttributes textures/common/rendermodel_player_clip_wood {
	"flags"	"clip"
}
radiantMaterialAttributes textures/common/rendermodel_player_clip_concrete {
	"flags"	"clip"
}

// =======================
// Visportal
// =======================
radiantMaterialAttributes textures/editor/visportal {
	"flags"				"visportal"
}
radiantMaterialAttributes textures/editor/visportal_occluder {
	"flags"				"visportal"
}
radiantMaterialAttributes textures/editor/outsideportal {
	"flags"				"visportal"
}
radiantMaterialAttributes textures/editor/outsideportal_occluder {
	"flags"				"visportal"
}
radiantMaterialAttributes textures/editor/ambientportal {
	"flags"				"visportal"
}
radiantMaterialAttributes textures/editor/ambientportal_occluder {
	"flags"				"visportal"
}
radiantMaterialAttributes textures/editor/playzoneportal {
	"flags"				"visportal"
}
radiantMaterialAttributes textures/editor/audioportal {
	"flags"				"visportal"
}

// =======================
// Caulk
// =======================
radiantMaterialAttributes textures/common/caulk {
	"flags"				"caulk"
	"flags1"			"nodraw"
}
radiantMaterialAttributes textures/editor/noimpactcaulk {
	"flags"				"caulk"
	"flags1"			"nodraw"
}
radiantMaterialAttributes textures/editor/shadowcaulk {
	"flags"				"caulk"
	"flags1"			"nodraw"
}

// =======================
// Nodraw
// =======================
radiantMaterialAttributes textures/common/nodraw {
	"flags"				"nodraw"
	"flags1"			"visportal"
}
radiantMaterialAttributes textures/common/nodrawsolid {
	"flags"				"nodraw"
	"flags1"			"caulk"
}

// =======================
// AAS
// =======================
radiantMaterialAttributes textures/common/aasclusterportal {
	"flags"				"aas"
}
radiantMaterialAttributes textures/common/aasobstacle {
	"flags"				"aas"
}
radiantMaterialAttributes textures/common/aassolidplayer {
	"flags"				"aas"
}
radiantMaterialAttributes textures/common/aassolidplayer_noareas {
	"flags"				"aas"
}
radiantMaterialAttributes textures/common/aassolidvehicle {
	"flags"				"aas"
}
radiantMaterialAttributes textures/common/aassolidvehicle_noareas {
	"flags"				"aas"
}
radiantMaterialAttributes textures/common/botclip {
	"flags"				"aas"
}
radiantMaterialAttributes textures/common/dynamicobstacle {
	"flags"				"aas"
}
